// !$*UTF8*$!
{
	archiveVersion = 1;
	classes = {
	};
	objectVersion = 56;
	objects = {

/* Begin PBXBuildFile section */
		7981F04629FE040500569C5E /* AppDelegate.swift in Sources */ = {isa = PBXBuildFile; fileRef = 7981F04529FE040500569C5E /* AppDelegate.swift */; };
		7981F04A29FE040500569C5E /* ViewController.swift in Sources */ = {isa = PBXBuildFile; fileRef = 7981F04929FE040500569C5E /* ViewController.swift */; };
		7981F04D29FE040500569C5E /* Main.storyboard in Resources */ = {isa = PBXBuildFile; fileRef = 7981F04B29FE040500569C5E /* Main.storyboard */; };
		7981F04F29FE040600569C5E /* Assets.xcassets in Resources */ = {isa = PBXBuildFile; fileRef = 7981F04E29FE040600569C5E /* Assets.xcassets */; };
		7981F05229FE040600569C5E /* LaunchScreen.storyboard in Resources */ = {isa = PBXBuildFile; fileRef = 7981F05029FE040600569C5E /* LaunchScreen.storyboard */; };
		7981F07029FF3A6D00569C5E /* CharactersAPI.swift in Sources */ = {isa = PBXBuildFile; fileRef = 7981F06F29FF3A6D00569C5E /* CharactersAPI.swift */; };
		7981F07229FF3AF700569C5E /* CharactersViewModel.swift in Sources */ = {isa = PBXBuildFile; fileRef = 7981F07129FF3AF700569C5E /* CharactersViewModel.swift */; };
		7981F07629FF3ED400569C5E /* CharactersViewController.swift in Sources */ = {isa = PBXBuildFile; fileRef = 7981F07529FF3ED400569C5E /* CharactersViewController.swift */; };
		7981F07829FF3F4000569C5E /* CharacterCell.swift in Sources */ = {isa = PBXBuildFile; fileRef = 7981F07729FF3F4000569C5E /* CharacterCell.swift */; };
		7981F07A29FF3F8100569C5E /* CharacterCellViewModel.swift in Sources */ = {isa = PBXBuildFile; fileRef = 7981F07929FF3F8100569C5E /* CharacterCellViewModel.swift */; };
		7981F07F2A0093A600569C5E /* CharactersResponse.swift in Sources */ = {isa = PBXBuildFile; fileRef = 7981F07E2A0093A600569C5E /* CharactersResponse.swift */; };
		7981F0812A0093BC00569C5E /* Character.swift in Sources */ = {isa = PBXBuildFile; fileRef = 7981F0802A0093BC00569C5E /* Character.swift */; };
		7981F0832A0093D500569C5E /* Icon.swift in Sources */ = {isa = PBXBuildFile; fileRef = 7981F0822A0093D500569C5E /* Icon.swift */; };
		7981F0852A019E1F00569C5E /* CharacterDetailViewController.swift in Sources */ = {isa = PBXBuildFile; fileRef = 7981F0842A019E1F00569C5E /* CharacterDetailViewController.swift */; };
		7981F0872A019EC200569C5E /* CharacterDetailViewModel.swift in Sources */ = {isa = PBXBuildFile; fileRef = 7981F0862A019EC200569C5E /* CharacterDetailViewModel.swift */; };
		7981F08A2A01E09A00569C5E /* CharacterDetailViewController.swift in Sources */ = {isa = PBXBuildFile; fileRef = 7981F0842A019E1F00569C5E /* CharacterDetailViewController.swift */; };
		7981F08B2A01E09A00569C5E /* CharactersViewController.swift in Sources */ = {isa = PBXBuildFile; fileRef = 7981F07529FF3ED400569C5E /* CharactersViewController.swift */; };
		7981F08C2A01E09A00569C5E /* CharactersViewModel.swift in Sources */ = {isa = PBXBuildFile; fileRef = 7981F07129FF3AF700569C5E /* CharactersViewModel.swift */; };
		7981F08D2A01E09A00569C5E /* CharactersAPI.swift in Sources */ = {isa = PBXBuildFile; fileRef = 7981F06F29FF3A6D00569C5E /* CharactersAPI.swift */; };
		7981F08E2A01E09A00569C5E /* CharacterCell.swift in Sources */ = {isa = PBXBuildFile; fileRef = 7981F07729FF3F4000569C5E /* CharacterCell.swift */; };
		7981F08F2A01E09A00569C5E /* CharactersResponse.swift in Sources */ = {isa = PBXBuildFile; fileRef = 7981F07E2A0093A600569C5E /* CharactersResponse.swift */; };
		7981F0902A01E09A00569C5E /* CharacterCellViewModel.swift in Sources */ = {isa = PBXBuildFile; fileRef = 7981F07929FF3F8100569C5E /* CharacterCellViewModel.swift */; };
		7981F0912A01E09A00569C5E /* Icon.swift in Sources */ = {isa = PBXBuildFile; fileRef = 7981F0822A0093D500569C5E /* Icon.swift */; };
		7981F0922A01E09A00569C5E /* ViewController.swift in Sources */ = {isa = PBXBuildFile; fileRef = 7981F04929FE040500569C5E /* ViewController.swift */; };
		7981F0932A01E09A00569C5E /* CharacterDetailViewModel.swift in Sources */ = {isa = PBXBuildFile; fileRef = 7981F0862A019EC200569C5E /* CharacterDetailViewModel.swift */; };
		7981F0942A01E09A00569C5E /* AppDelegate.swift in Sources */ = {isa = PBXBuildFile; fileRef = 7981F04529FE040500569C5E /* AppDelegate.swift */; };
		7981F0952A01E09A00569C5E /* Character.swift in Sources */ = {isa = PBXBuildFile; fileRef = 7981F0802A0093BC00569C5E /* Character.swift */; };
		7981F0982A01E09A00569C5E /* LaunchScreen.storyboard in Resources */ = {isa = PBXBuildFile; fileRef = 7981F05029FE040600569C5E /* LaunchScreen.storyboard */; };
		7981F0992A01E09A00569C5E /* Assets.xcassets in Resources */ = {isa = PBXBuildFile; fileRef = 7981F04E29FE040600569C5E /* Assets.xcassets */; };
		7981F09A2A01E09A00569C5E /* Main.storyboard in Resources */ = {isa = PBXBuildFile; fileRef = 7981F04B29FE040500569C5E /* Main.storyboard */; };
/* End PBXBuildFile section */

/* Begin PBXFileReference section */
		7981F04229FE040500569C5E /* Simpsons Viewer.app */ = {isa = PBXFileReference; explicitFileType = wrapper.application; includeInIndex = 0; path = "Simpsons Viewer.app"; sourceTree = BUILT_PRODUCTS_DIR; };
		7981F04529FE040500569C5E /* AppDelegate.swift */ = {isa = PBXFileReference; lastKnownFileType = sourcecode.swift; path = AppDelegate.swift; sourceTree = "<group>"; };
		7981F04929FE040500569C5E /* ViewController.swift */ = {isa = PBXFileReference; lastKnownFileType = sourcecode.swift; path = ViewController.swift; sourceTree = "<group>"; };
		7981F04C29FE040500569C5E /* Base */ = {isa = PBXFileReference; lastKnownFileType = file.storyboard; name = Base; path = Base.lproj/Main.storyboard; sourceTree = "<group>"; };
		7981F04E29FE040600569C5E /* Assets.xcassets */ = {isa = PBXFileReference; lastKnownFileType = folder.assetcatalog; path = Assets.xcassets; sourceTree = "<group>"; };
		7981F05129FE040600569C5E /* Base */ = {isa = PBXFileReference; lastKnownFileType = file.storyboard; name = Base; path = Base.lproj/LaunchScreen.storyboard; sourceTree = "<group>"; };
		7981F05329FE040600569C5E /* Info.plist */ = {isa = PBXFileReference; lastKnownFileType = text.plist.xml; path = Info.plist; sourceTree = "<group>"; };
		7981F06F29FF3A6D00569C5E /* CharactersAPI.swift */ = {isa = PBXFileReference; lastKnownFileType = sourcecode.swift; path = CharactersAPI.swift; sourceTree = "<group>"; };
		7981F07129FF3AF700569C5E /* CharactersViewModel.swift */ = {isa = PBXFileReference; lastKnownFileType = sourcecode.swift; path = CharactersViewModel.swift; sourceTree = "<group>"; };
		7981F07529FF3ED400569C5E /* CharactersViewController.swift */ = {isa = PBXFileReference; lastKnownFileType = sourcecode.swift; path = CharactersViewController.swift; sourceTree = "<group>"; };
		7981F07729FF3F4000569C5E /* CharacterCell.swift */ = {isa = PBXFileReference; lastKnownFileType = sourcecode.swift; path = CharacterCell.swift; sourceTree = "<group>"; };
		7981F07929FF3F8100569C5E /* CharacterCellViewModel.swift */ = {isa = PBXFileReference; lastKnownFileType = sourcecode.swift; path = CharacterCellViewModel.swift; sourceTree = "<group>"; };
		7981F07E2A0093A600569C5E /* CharactersResponse.swift */ = {isa = PBXFileReference; lastKnownFileType = sourcecode.swift; path = CharactersResponse.swift; sourceTree = "<group>"; };
		7981F0802A0093BC00569C5E /* Character.swift */ = {isa = PBXFileReference; lastKnownFileType = sourcecode.swift; path = Character.swift; sourceTree = "<group>"; };
		7981F0822A0093D500569C5E /* Icon.swift */ = {isa = PBXFileReference; lastKnownFileType = sourcecode.swift; path = Icon.swift; sourceTree = "<group>"; };
		7981F0842A019E1F00569C5E /* CharacterDetailViewController.swift */ = {isa = PBXFileReference; lastKnownFileType = sourcecode.swift; path = CharacterDetailViewController.swift; sourceTree = "<group>"; };
		7981F0862A019EC200569C5E /* CharacterDetailViewModel.swift */ = {isa = PBXFileReference; lastKnownFileType = sourcecode.swift; path = CharacterDetailViewModel.swift; sourceTree = "<group>"; };
		7981F0A02A01E09A00569C5E /* Wire Viewer.app */ = {isa = PBXFileReference; explicitFileType = wrapper.application; includeInIndex = 0; path = "Wire Viewer.app"; sourceTree = BUILT_PRODUCTS_DIR; };
		7981F0A12A01E09B00569C5E /* Wire-Viewer-info.plist */ = {isa = PBXFileReference; lastKnownFileType = text.plist.xml; name = "Wire-Viewer-info.plist"; path = "/Users/joshuacleetus/Documents/DemoApp/Demo App/Wire-Viewer-info.plist"; sourceTree = "<absolute>"; };
/* End PBXFileReference section */

/* Begin PBXFrameworksBuildPhase section */
		7981F03F29FE040500569C5E /* Frameworks */ = {
			isa = PBXFrameworksBuildPhase;
			buildActionMask = 2147483647;
			files = (
			);
			runOnlyForDeploymentPostprocessing = 0;
		};
		7981F0962A01E09A00569C5E /* Frameworks */ = {
			isa = PBXFrameworksBuildPhase;
			buildActionMask = 2147483647;
			files = (
			);
			runOnlyForDeploymentPostprocessing = 0;
		};
/* End PBXFrameworksBuildPhase section */

/* Begin PBXGroup section */
		7981F03929FE040500569C5E = {
			isa = PBXGroup;
			children = (
				7981F04429FE040500569C5E /* Demo App */,
				7981F04329FE040500569C5E /* Products */,
				7981F0A12A01E09B00569C5E /* Wire-Viewer-info.plist */,
			);
			sourceTree = "<group>";
		};
		7981F04329FE040500569C5E /* Products */ = {
			isa = PBXGroup;
			children = (
				7981F04229FE040500569C5E /* Simpsons Viewer.app */,
				7981F0A02A01E09A00569C5E /* Wire Viewer.app */,
			);
			name = Products;
			sourceTree = "<group>";
		};
		7981F04429FE040500569C5E /* Demo App */ = {
			isa = PBXGroup;
			children = (
				7981F04529FE040500569C5E /* AppDelegate.swift */,
				7981F04929FE040500569C5E /* ViewController.swift */,
				7981F07E2A0093A600569C5E /* CharactersResponse.swift */,
				7981F0802A0093BC00569C5E /* Character.swift */,
				7981F0822A0093D500569C5E /* Icon.swift */,
				7981F06F29FF3A6D00569C5E /* CharactersAPI.swift */,
				7981F07129FF3AF700569C5E /* CharactersViewModel.swift */,
				7981F07529FF3ED400569C5E /* CharactersViewController.swift */,
				7981F0842A019E1F00569C5E /* CharacterDetailViewController.swift */,
				7981F0862A019EC200569C5E /* CharacterDetailViewModel.swift */,
				7981F07729FF3F4000569C5E /* CharacterCell.swift */,
				7981F07929FF3F8100569C5E /* CharacterCellViewModel.swift */,
				7981F04B29FE040500569C5E /* Main.storyboard */,
				7981F04E29FE040600569C5E /* Assets.xcassets */,
				7981F05029FE040600569C5E /* LaunchScreen.storyboard */,
				7981F05329FE040600569C5E /* Info.plist */,
			);
			path = "Demo App";
			sourceTree = "<group>";
		};
/* End PBXGroup section */

/* Begin PBXNativeTarget section */
		7981F04129FE040500569C5E /* Simpsons Viewer */ = {
			isa = PBXNativeTarget;
			buildConfigurationList = 7981F05629FE040600569C5E /* Build configuration list for PBXNativeTarget "Simpsons Viewer" */;
			buildPhases = (
				7981F03E29FE040500569C5E /* Sources */,
				7981F03F29FE040500569C5E /* Frameworks */,
				7981F04029FE040500569C5E /* Resources */,
			);
			buildRules = (
			);
			dependencies = (
			);
			name = "Simpsons Viewer";
			productName = "Demo App";
			productReference = 7981F04229FE040500569C5E /* Simpsons Viewer.app */;
			productType = "com.apple.product-type.application";
		};
		7981F0882A01E09A00569C5E /* Wire Viewer */ = {
			isa = PBXNativeTarget;
			buildConfigurationList = 7981F09B2A01E09A00569C5E /* Build configuration list for PBXNativeTarget "Wire Viewer" */;
			buildPhases = (
				7981F0892A01E09A00569C5E /* Sources */,
				7981F0962A01E09A00569C5E /* Frameworks */,
				7981F0972A01E09A00569C5E /* Resources */,
			);
			buildRules = (
			);
			dependencies = (
			);
			name = "Wire Viewer";
			productName = "Demo App";
			productReference = 7981F0A02A01E09A00569C5E /* Wire Viewer.app */;
			productType = "com.apple.product-type.application";
		};
/* End PBXNativeTarget section */

/* Begin PBXProject section */
		7981F03A29FE040500569C5E /* Project object */ = {
			isa = PBXProject;
			attributes = {
				BuildIndependentTargetsInParallel = 1;
				LastSwiftUpdateCheck = 1430;
				LastUpgradeCheck = 1430;
				TargetAttributes = {
					7981F04129FE040500569C5E = {
						CreatedOnToolsVersion = 14.3;
					};
				};
			};
			buildConfigurationList = 7981F03D29FE040500569C5E /* Build configuration list for PBXProject "Character Viewer" */;
			compatibilityVersion = "Xcode 14.0";
			developmentRegion = en;
			hasScannedForEncodings = 0;
			knownRegions = (
				en,
				Base,
			);
			mainGroup = 7981F03929FE040500569C5E;
			packageReferences = (
			);
			productRefGroup = 7981F04329FE040500569C5E /* Products */;
			projectDirPath = "";
			projectRoot = "";
			targets = (
				7981F04129FE040500569C5E /* Simpsons Viewer */,
				7981F0882A01E09A00569C5E /* Wire Viewer */,
			);
		};
/* End PBXProject section */

/* Begin PBXResourcesBuildPhase section */
		7981F04029FE040500569C5E /* Resources */ = {
			isa = PBXResourcesBuildPhase;
			buildActionMask = 2147483647;
			files = (
				7981F05229FE040600569C5E /* LaunchScreen.storyboard in Resources */,
				7981F04F29FE040600569C5E /* Assets.xcassets in Resources */,
				7981F04D29FE040500569C5E /* Main.storyboard in Resources */,
			);
			runOnlyForDeploymentPostprocessing = 0;
		};
		7981F0972A01E09A00569C5E /* Resources */ = {
			isa = PBXResourcesBuildPhase;
			buildActionMask = 2147483647;
			files = (
				7981F0982A01E09A00569C5E /* LaunchScreen.storyboard in Resources */,
				7981F0992A01E09A00569C5E /* Assets.xcassets in Resources */,
				7981F09A2A01E09A00569C5E /* Main.storyboard in Resources */,
			);
			runOnlyForDeploymentPostprocessing = 0;
		};
/* End PBXResourcesBuildPhase section */

/* Begin PBXSourcesBuildPhase section */
		7981F03E29FE040500569C5E /* Sources */ = {
			isa = PBXSourcesBuildPhase;
			buildActionMask = 2147483647;
			files = (
				7981F0852A019E1F00569C5E /* CharacterDetailViewController.swift in Sources */,
				7981F07629FF3ED400569C5E /* CharactersViewController.swift in Sources */,
				7981F07229FF3AF700569C5E /* CharactersViewModel.swift in Sources */,
				7981F07029FF3A6D00569C5E /* CharactersAPI.swift in Sources */,
				7981F07829FF3F4000569C5E /* CharacterCell.swift in Sources */,
				7981F07F2A0093A600569C5E /* CharactersResponse.swift in Sources */,
				7981F07A29FF3F8100569C5E /* CharacterCellViewModel.swift in Sources */,
				7981F0832A0093D500569C5E /* Icon.swift in Sources */,
				7981F04A29FE040500569C5E /* ViewController.swift in Sources */,
				7981F0872A019EC200569C5E /* CharacterDetailViewModel.swift in Sources */,
				7981F04629FE040500569C5E /* AppDelegate.swift in Sources */,
				7981F0812A0093BC00569C5E /* Character.swift in Sources */,
			);
			runOnlyForDeploymentPostprocessing = 0;
		};
		7981F0892A01E09A00569C5E /* Sources */ = {
			isa = PBXSourcesBuildPhase;
			buildActionMask = 2147483647;
			files = (
				7981F08A2A01E09A00569C5E /* CharacterDetailViewController.swift in Sources */,
				7981F08B2A01E09A00569C5E /* CharactersViewController.swift in Sources */,
				7981F08C2A01E09A00569C5E /* CharactersViewModel.swift in Sources */,
				7981F08D2A01E09A00569C5E /* CharactersAPI.swift in Sources */,
				7981F08E2A01E09A00569C5E /* CharacterCell.swift in Sources */,
				7981F08F2A01E09A00569C5E /* CharactersResponse.swift in Sources */,
				7981F0902A01E09A00569C5E /* CharacterCellViewModel.swift in Sources */,
				7981F0912A01E09A00569C5E /* Icon.swift in Sources */,
				7981F0922A01E09A00569C5E /* ViewController.swift in Sources */,
				7981F0932A01E09A00569C5E /* CharacterDetailViewModel.swift in Sources */,
				7981F0942A01E09A00569C5E /* AppDelegate.swift in Sources */,
				7981F0952A01E09A00569C5E /* Character.swift in Sources */,
			);
			runOnlyForDeploymentPostprocessing = 0;
		};
/* End PBXSourcesBuildPhase section */

/* Begin PBXVariantGroup section */
		7981F04B29FE040500569C5E /* Main.storyboard */ = {
			isa = PBXVariantGroup;
			children = (
				7981F04C29FE040500569C5E /* Base */,
			);
			name = Main.storyboard;
			sourceTree = "<group>";
		};
		7981F05029FE040600569C5E /* LaunchScreen.storyboard */ = {
			isa = PBXVariantGroup;
			children = (
				7981F05129FE040600569C5E /* Base */,
			);
			name = LaunchScreen.storyboard;
			sourceTree = "<group>";
		};
/* End PBXVariantGroup section */

/* Begin XCBuildConfiguration section */
		7981F05429FE040600569C5E /* Debug */ = {
			isa = XCBuildConfiguration;
			buildSettings = {
				ALWAYS_SEARCH_USER_PATHS = NO;
				BUNDLE_DISPLAY_NAME = "Simpsons Viewer";
				BUNDLE_ID_SUFFIX = .simpsons;
				CLANG_ANALYZER_NONNULL = YES;
				CLANG_ANALYZER_NUMBER_OBJECT_CONVERSION = YES_AGGRESSIVE;
				CLANG_CXX_LANGUAGE_STANDARD = "gnu++20";
				CLANG_ENABLE_MODULES = YES;
				CLANG_ENABLE_OBJC_ARC = YES;
				CLANG_ENABLE_OBJC_WEAK = YES;
				CLANG_WARN_BLOCK_CAPTURE_AUTORELEASING = YES;
				CLANG_WARN_BOOL_CONVERSION = YES;
				CLANG_WARN_COMMA = YES;
				CLANG_WARN_CONSTANT_CONVERSION = YES;
				CLANG_WARN_DEPRECATED_OBJC_IMPLEMENTATIONS = YES;
				CLANG_WARN_DIRECT_OBJC_ISA_USAGE = YES_ERROR;
				CLANG_WARN_DOCUMENTATION_COMMENTS = YES;
				CLANG_WARN_EMPTY_BODY = YES;
				CLANG_WARN_ENUM_CONVERSION = YES;
				CLANG_WARN_INFINITE_RECURSION = YES;
				CLANG_WARN_INT_CONVERSION = YES;
				CLANG_WARN_NON_LITERAL_NULL_CONVERSION = YES;
				CLANG_WARN_OBJC_IMPLICIT_RETAIN_SELF = YES;
				CLANG_WARN_OBJC_LITERAL_CONVERSION = YES;
				CLANG_WARN_OBJC_ROOT_CLASS = YES_ERROR;
				CLANG_WARN_QUOTED_INCLUDE_IN_FRAMEWORK_HEADER = YES;
				CLANG_WARN_RANGE_LOOP_ANALYSIS = YES;
				CLANG_WARN_STRICT_PROTOTYPES = YES;
				CLANG_WARN_SUSPICIOUS_MOVE = YES;
				CLANG_WARN_UNGUARDED_AVAILABILITY = YES_AGGRESSIVE;
				CLANG_WARN_UNREACHABLE_CODE = YES;
				CLANG_WARN__DUPLICATE_METHOD_MATCH = YES;
				COPY_PHASE_STRIP = NO;
				DEBUG_INFORMATION_FORMAT = dwarf;
				ENABLE_STRICT_OBJC_MSGSEND = YES;
				ENABLE_TESTABILITY = YES;
				GCC_C_LANGUAGE_STANDARD = gnu11;
				GCC_DYNAMIC_NO_PIC = NO;
				GCC_NO_COMMON_BLOCKS = YES;
				GCC_OPTIMIZATION_LEVEL = 0;
				GCC_PREPROCESSOR_DEFINITIONS = (
					"DEBUG=1",
					"$(inherited)",
				);
				GCC_WARN_64_TO_32_BIT_CONVERSION = YES;
				GCC_WARN_ABOUT_RETURN_TYPE = YES_ERROR;
				GCC_WARN_UNDECLARED_SELECTOR = YES;
				GCC_WARN_UNINITIALIZED_AUTOS = YES_AGGRESSIVE;
				GCC_WARN_UNUSED_FUNCTION = YES;
				GCC_WARN_UNUSED_VARIABLE = YES;
				IPHONEOS_DEPLOYMENT_TARGET = 16.4;
				MTL_ENABLE_DEBUG_INFO = INCLUDE_SOURCE;
				MTL_FAST_MATH = YES;
				ONLY_ACTIVE_ARCH = YES;
				SDKROOT = iphoneos;
				SWIFT_ACTIVE_COMPILATION_CONDITIONS = DEBUG;
				SWIFT_OPTIMIZATION_LEVEL = "-Onone";
			};
			name = Debug;
		};
		7981F05529FE040600569C5E /* Release */ = {
			isa = XCBuildConfiguration;
			buildSettings = {
				ALWAYS_SEARCH_USER_PATHS = NO;
				BUNDLE_DISPLAY_NAME = "Simpsons Viewer";
				BUNDLE_ID_SUFFIX = .simpsons;
				CLANG_ANALYZER_NONNULL = YES;
				CLANG_ANALYZER_NUMBER_OBJECT_CONVERSION = YES_AGGRESSIVE;
				CLANG_CXX_LANGUAGE_STANDARD = "gnu++20";
				CLANG_ENABLE_MODULES = YES;
				CLANG_ENABLE_OBJC_ARC = YES;
				CLANG_ENABLE_OBJC_WEAK = YES;
				CLANG_WARN_BLOCK_CAPTURE_AUTORELEASING = YES;
				CLANG_WARN_BOOL_CONVERSION = YES;
				CLANG_WARN_COMMA = YES;
				CLANG_WARN_CONSTANT_CONVERSION = YES;
				CLANG_WARN_DEPRECATED_OBJC_IMPLEMENTATIONS = YES;
				CLANG_WARN_DIRECT_OBJC_ISA_USAGE = YES_ERROR;
				CLANG_WARN_DOCUMENTATION_COMMENTS = YES;
				CLANG_WARN_EMPTY_BODY = YES;
				CLANG_WARN_ENUM_CONVERSION = YES;
				CLANG_WARN_INFINITE_RECURSION = YES;
				CLANG_WARN_INT_CONVERSION = YES;
				CLANG_WARN_NON_LITERAL_NULL_CONVERSION = YES;
				CLANG_WARN_OBJC_IMPLICIT_RETAIN_SELF = YES;
				CLANG_WARN_OBJC_LITERAL_CONVERSION = YES;
				CLANG_WARN_OBJC_ROOT_CLASS = YES_ERROR;
				CLANG_WARN_QUOTED_INCLUDE_IN_FRAMEWORK_HEADER = YES;
				CLANG_WARN_RANGE_LOOP_ANALYSIS = YES;
				CLANG_WARN_STRICT_PROTOTYPES = YES;
				CLANG_WARN_SUSPICIOUS_MOVE = YES;
				CLANG_WARN_UNGUARDED_AVAILABILITY = YES_AGGRESSIVE;
				CLANG_WARN_UNREACHABLE_CODE = YES;
				CLANG_WARN__DUPLICATE_METHOD_MATCH = YES;
				COPY_PHASE_STRIP = NO;
				DEBUG_INFORMATION_FORMAT = "dwarf-with-dsym";
				ENABLE_NS_ASSERTIONS = NO;
				ENABLE_STRICT_OBJC_MSGSEND = YES;
				GCC_C_LANGUAGE_STANDARD = gnu11;
				GCC_NO_COMMON_BLOCKS = YES;
				GCC_WARN_64_TO_32_BIT_CONVERSION = YES;
				GCC_WARN_ABOUT_RETURN_TYPE = YES_ERROR;
				GCC_WARN_UNDECLARED_SELECTOR = YES;
				GCC_WARN_UNINITIALIZED_AUTOS = YES_AGGRESSIVE;
				GCC_WARN_UNUSED_FUNCTION = YES;
				GCC_WARN_UNUSED_VARIABLE = YES;
				IPHONEOS_DEPLOYMENT_TARGET = 16.4;
				MTL_ENABLE_DEBUG_INFO = NO;
				MTL_FAST_MATH = YES;
				SDKROOT = iphoneos;
				SWIFT_COMPILATION_MODE = wholemodule;
				SWIFT_OPTIMIZATION_LEVEL = "-O";
				VALIDATE_PRODUCT = YES;
			};
			name = Release;
		};
		7981F05729FE040600569C5E /* Debug */ = {
			isa = XCBuildConfiguration;
			buildSettings = {
				ASSETCATALOG_COMPILER_APPICON_NAME = AppIcon;
				ASSETCATALOG_COMPILER_GLOBAL_ACCENT_COLOR_NAME = AccentColor;
				BUNDLE_DISPLAY_NAME = "$(BUNDLE_DISPLAY_NAME)";
				CODE_SIGN_STYLE = Automatic;
				CURRENT_PROJECT_VERSION = 1;
				DEVELOPMENT_TEAM = USQQZ62WW7;
				GENERATE_INFOPLIST_FILE = YES;
				INFOPLIST_FILE = "Demo App/Info.plist";
				INFOPLIST_KEY_UIApplicationSupportsIndirectInputEvents = YES;
				INFOPLIST_KEY_UILaunchStoryboardName = LaunchScreen;
				INFOPLIST_KEY_UIMainStoryboardFile = Main;
				INFOPLIST_KEY_UISupportedInterfaceOrientations_iPad = "UIInterfaceOrientationPortrait UIInterfaceOrientationPortraitUpsideDown UIInterfaceOrientationLandscapeLeft UIInterfaceOrientationLandscapeRight";
				INFOPLIST_KEY_UISupportedInterfaceOrientations_iPhone = "UIInterfaceOrientationPortrait UIInterfaceOrientationLandscapeLeft UIInterfaceOrientationLandscapeRight";
				LD_RUNPATH_SEARCH_PATHS = (
					"$(inherited)",
					"@executable_path/Frameworks",
				);
				MARKETING_VERSION = 1.0;
				PRODUCT_BUNDLE_IDENTIFIER = "com.joshuacleetus.Demo-App";
				PRODUCT_NAME = "$(TARGET_NAME)";
				SWIFT_EMIT_LOC_STRINGS = YES;
				SWIFT_VERSION = 5.0;
				TARGETED_DEVICE_FAMILY = "1,2";
			};
			name = Debug;
		};
		7981F05829FE040600569C5E /* Release */ = {
			isa = XCBuildConfiguration;
			buildSettings = {
				ASSETCATALOG_COMPILER_APPICON_NAME = AppIcon;
				ASSETCATALOG_COMPILER_GLOBAL_ACCENT_COLOR_NAME = AccentColor;
				BUNDLE_DISPLAY_NAME = "$(BUNDLE_DISPLAY_NAME)";
				CODE_SIGN_STYLE = Automatic;
				CURRENT_PROJECT_VERSION = 1;
				DEVELOPMENT_TEAM = USQQZ62WW7;
				GENERATE_INFOPLIST_FILE = YES;
				INFOPLIST_FILE = "Demo App/Info.plist";
				INFOPLIST_KEY_UIApplicationSupportsIndirectInputEvents = YES;
				INFOPLIST_KEY_UILaunchStoryboardName = LaunchScreen;
				INFOPLIST_KEY_UIMainStoryboardFile = Main;
				INFOPLIST_KEY_UISupportedInterfaceOrientations_iPad = "UIInterfaceOrientationPortrait UIInterfaceOrientationPortraitUpsideDown UIInterfaceOrientationLandscapeLeft UIInterfaceOrientationLandscapeRight";
				INFOPLIST_KEY_UISupportedInterfaceOrientations_iPhone = "UIInterfaceOrientationPortrait UIInterfaceOrientationLandscapeLeft UIInterfaceOrientationLandscapeRight";
				LD_RUNPATH_SEARCH_PATHS = (
					"$(inherited)",
					"@executable_path/Frameworks",
				);
				MARKETING_VERSION = 1.0;
				PRODUCT_BUNDLE_IDENTIFIER = "com.joshuacleetus.Demo-App";
				PRODUCT_NAME = "$(TARGET_NAME)";
				SWIFT_EMIT_LOC_STRINGS = YES;
				SWIFT_VERSION = 5.0;
				TARGETED_DEVICE_FAMILY = "1,2";
			};
			name = Release;
		};
		7981F05929FE062A00569C5E /* Debug Wire */ = {
			isa = XCBuildConfiguration;
			buildSettings = {
				ALWAYS_SEARCH_USER_PATHS = NO;
				BUNDLE_DISPLAY_NAME = "Wire Viewer";
				BUNDLE_ID_SUFFIX = .wire;
				CLANG_ANALYZER_NONNULL = YES;
				CLANG_ANALYZER_NUMBER_OBJECT_CONVERSION = YES_AGGRESSIVE;
				CLANG_CXX_LANGUAGE_STANDARD = "gnu++20";
				CLANG_ENABLE_MODULES = YES;
				CLANG_ENABLE_OBJC_ARC = YES;
				CLANG_ENABLE_OBJC_WEAK = YES;
				CLANG_WARN_BLOCK_CAPTURE_AUTORELEASING = YES;
				CLANG_WARN_BOOL_CONVERSION = YES;
				CLANG_WARN_COMMA = YES;
				CLANG_WARN_CONSTANT_CONVERSION = YES;
				CLANG_WARN_DEPRECATED_OBJC_IMPLEMENTATIONS = YES;
				CLANG_WARN_DIRECT_OBJC_ISA_USAGE = YES_ERROR;
				CLANG_WARN_DOCUMENTATION_COMMENTS = YES;
				CLANG_WARN_EMPTY_BODY = YES;
				CLANG_WARN_ENUM_CONVERSION = YES;
				CLANG_WARN_INFINITE_RECURSION = YES;
				CLANG_WARN_INT_CONVERSION = YES;
				CLANG_WARN_NON_LITERAL_NULL_CONVERSION = YES;
				CLANG_WARN_OBJC_IMPLICIT_RETAIN_SELF = YES;
				CLANG_WARN_OBJC_LITERAL_CONVERSION = YES;
				CLANG_WARN_OBJC_ROOT_CLASS = YES_ERROR;
				CLANG_WARN_QUOTED_INCLUDE_IN_FRAMEWORK_HEADER = YES;
				CLANG_WARN_RANGE_LOOP_ANALYSIS = YES;
				CLANG_WARN_STRICT_PROTOTYPES = YES;
				CLANG_WARN_SUSPICIOUS_MOVE = YES;
				CLANG_WARN_UNGUARDED_AVAILABILITY = YES_AGGRESSIVE;
				CLANG_WARN_UNREACHABLE_CODE = YES;
				CLANG_WARN__DUPLICATE_METHOD_MATCH = YES;
				COPY_PHASE_STRIP = NO;
				DEBUG_INFORMATION_FORMAT = dwarf;
				ENABLE_STRICT_OBJC_MSGSEND = YES;
				ENABLE_TESTABILITY = YES;
				GCC_C_LANGUAGE_STANDARD = gnu11;
				GCC_DYNAMIC_NO_PIC = NO;
				GCC_NO_COMMON_BLOCKS = YES;
				GCC_OPTIMIZATION_LEVEL = 0;
				GCC_PREPROCESSOR_DEFINITIONS = (
					"DEBUG=1",
					"$(inherited)",
				);
				GCC_WARN_64_TO_32_BIT_CONVERSION = YES;
				GCC_WARN_ABOUT_RETURN_TYPE = YES_ERROR;
				GCC_WARN_UNDECLARED_SELECTOR = YES;
				GCC_WARN_UNINITIALIZED_AUTOS = YES_AGGRESSIVE;
				GCC_WARN_UNUSED_FUNCTION = YES;
				GCC_WARN_UNUSED_VARIABLE = YES;
				IPHONEOS_DEPLOYMENT_TARGET = 16.4;
				MTL_ENABLE_DEBUG_INFO = INCLUDE_SOURCE;
				MTL_FAST_MATH = YES;
				ONLY_ACTIVE_ARCH = YES;
				SDKROOT = iphoneos;
				SWIFT_ACTIVE_COMPILATION_CONDITIONS = DEBUG;
				SWIFT_OPTIMIZATION_LEVEL = "-Onone";
			};
			name = "Debug Wire";
		};
		7981F05A29FE062A00569C5E /* Debug Wire */ = {
			isa = XCBuildConfiguration;
			buildSettings = {
				ASSETCATALOG_COMPILER_APPICON_NAME = AppIcon;
				ASSETCATALOG_COMPILER_GLOBAL_ACCENT_COLOR_NAME = AccentColor;
				BUNDLE_DISPLAY_NAME = "$(BUNDLE_DISPLAY_NAME)";
				CODE_SIGN_STYLE = Automatic;
				CURRENT_PROJECT_VERSION = 1;
				DEVELOPMENT_TEAM = USQQZ62WW7;
				GENERATE_INFOPLIST_FILE = YES;
				INFOPLIST_FILE = "Demo App/Info.plist";
				INFOPLIST_KEY_UIApplicationSupportsIndirectInputEvents = YES;
				INFOPLIST_KEY_UILaunchStoryboardName = LaunchScreen;
				INFOPLIST_KEY_UIMainStoryboardFile = Main;
				INFOPLIST_KEY_UISupportedInterfaceOrientations_iPad = "UIInterfaceOrientationPortrait UIInterfaceOrientationPortraitUpsideDown UIInterfaceOrientationLandscapeLeft UIInterfaceOrientationLandscapeRight";
				INFOPLIST_KEY_UISupportedInterfaceOrientations_iPhone = "UIInterfaceOrientationPortrait UIInterfaceOrientationLandscapeLeft UIInterfaceOrientationLandscapeRight";
				LD_RUNPATH_SEARCH_PATHS = (
					"$(inherited)",
					"@executable_path/Frameworks",
				);
				MARKETING_VERSION = 1.0;
				PRODUCT_BUNDLE_IDENTIFIER = "com.joshuacleetus.Demo-App";
				PRODUCT_NAME = "$(TARGET_NAME)";
				SWIFT_EMIT_LOC_STRINGS = YES;
				SWIFT_VERSION = 5.0;
				TARGETED_DEVICE_FAMILY = "1,2";
			};
			name = "Debug Wire";
		};
		7981F05B29FE063500569C5E /* Release Wire */ = {
			isa = XCBuildConfiguration;
			buildSettings = {
				ALWAYS_SEARCH_USER_PATHS = NO;
				BUNDLE_DISPLAY_NAME = "Wire Viewer";
				BUNDLE_ID_SUFFIX = .wire;
				CLANG_ANALYZER_NONNULL = YES;
				CLANG_ANALYZER_NUMBER_OBJECT_CONVERSION = YES_AGGRESSIVE;
				CLANG_CXX_LANGUAGE_STANDARD = "gnu++20";
				CLANG_ENABLE_MODULES = YES;
				CLANG_ENABLE_OBJC_ARC = YES;
				CLANG_ENABLE_OBJC_WEAK = YES;
				CLANG_WARN_BLOCK_CAPTURE_AUTORELEASING = YES;
				CLANG_WARN_BOOL_CONVERSION = YES;
				CLANG_WARN_COMMA = YES;
				CLANG_WARN_CONSTANT_CONVERSION = YES;
				CLANG_WARN_DEPRECATED_OBJC_IMPLEMENTATIONS = YES;
				CLANG_WARN_DIRECT_OBJC_ISA_USAGE = YES_ERROR;
				CLANG_WARN_DOCUMENTATION_COMMENTS = YES;
				CLANG_WARN_EMPTY_BODY = YES;
				CLANG_WARN_ENUM_CONVERSION = YES;
				CLANG_WARN_INFINITE_RECURSION = YES;
				CLANG_WARN_INT_CONVERSION = YES;
				CLANG_WARN_NON_LITERAL_NULL_CONVERSION = YES;
				CLANG_WARN_OBJC_IMPLICIT_RETAIN_SELF = YES;
				CLANG_WARN_OBJC_LITERAL_CONVERSION = YES;
				CLANG_WARN_OBJC_ROOT_CLASS = YES_ERROR;
				CLANG_WARN_QUOTED_INCLUDE_IN_FRAMEWORK_HEADER = YES;
				CLANG_WARN_RANGE_LOOP_ANALYSIS = YES;
				CLANG_WARN_STRICT_PROTOTYPES = YES;
				CLANG_WARN_SUSPICIOUS_MOVE = YES;
				CLANG_WARN_UNGUARDED_AVAILABILITY = YES_AGGRESSIVE;
				CLANG_WARN_UNREACHABLE_CODE = YES;
				CLANG_WARN__DUPLICATE_METHOD_MATCH = YES;
				COPY_PHASE_STRIP = NO;
				DEBUG_INFORMATION_FORMAT = "dwarf-with-dsym";
				ENABLE_NS_ASSERTIONS = NO;
				ENABLE_STRICT_OBJC_MSGSEND = YES;
				GCC_C_LANGUAGE_STANDARD = gnu11;
				GCC_NO_COMMON_BLOCKS = YES;
				GCC_WARN_64_TO_32_BIT_CONVERSION = YES;
				GCC_WARN_ABOUT_RETURN_TYPE = YES_ERROR;
				GCC_WARN_UNDECLARED_SELECTOR = YES;
				GCC_WARN_UNINITIALIZED_AUTOS = YES_AGGRESSIVE;
				GCC_WARN_UNUSED_FUNCTION = YES;
				GCC_WARN_UNUSED_VARIABLE = YES;
				IPHONEOS_DEPLOYMENT_TARGET = 16.4;
				MTL_ENABLE_DEBUG_INFO = NO;
				MTL_FAST_MATH = YES;
				SDKROOT = iphoneos;
				SWIFT_COMPILATION_MODE = wholemodule;
				SWIFT_OPTIMIZATION_LEVEL = "-O";
				VALIDATE_PRODUCT = YES;
			};
			name = "Release Wire";
		};
		7981F05C29FE063500569C5E /* Release Wire */ = {
			isa = XCBuildConfiguration;
			buildSettings = {
				ASSETCATALOG_COMPILER_APPICON_NAME = AppIcon;
				ASSETCATALOG_COMPILER_GLOBAL_ACCENT_COLOR_NAME = AccentColor;
				BUNDLE_DISPLAY_NAME = "$(BUNDLE_DISPLAY_NAME)";
				CODE_SIGN_STYLE = Automatic;
				CURRENT_PROJECT_VERSION = 1;
				DEVELOPMENT_TEAM = USQQZ62WW7;
				GENERATE_INFOPLIST_FILE = YES;
				INFOPLIST_FILE = "Demo App/Info.plist";
				INFOPLIST_KEY_UIApplicationSupportsIndirectInputEvents = YES;
				INFOPLIST_KEY_UILaunchStoryboardName = LaunchScreen;
				INFOPLIST_KEY_UIMainStoryboardFile = Main;
				INFOPLIST_KEY_UISupportedInterfaceOrientations_iPad = "UIInterfaceOrientationPortrait UIInterfaceOrientationPortraitUpsideDown UIInterfaceOrientationLandscapeLeft UIInterfaceOrientationLandscapeRight";
				INFOPLIST_KEY_UISupportedInterfaceOrientations_iPhone = "UIInterfaceOrientationPortrait UIInterfaceOrientationLandscapeLeft UIInterfaceOrientationLandscapeRight";
				LD_RUNPATH_SEARCH_PATHS = (
					"$(inherited)",
					"@executable_path/Frameworks",
				);
				MARKETING_VERSION = 1.0;
				PRODUCT_BUNDLE_IDENTIFIER = "com.joshuacleetus.Demo-App";
				PRODUCT_NAME = "$(TARGET_NAME)";
				SWIFT_EMIT_LOC_STRINGS = YES;
				SWIFT_VERSION = 5.0;
				TARGETED_DEVICE_FAMILY = "1,2";
			};
			name = "Release Wire";
		};
		7981F09C2A01E09A00569C5E /* Debug */ = {
			isa = XCBuildConfiguration;
			buildSettings = {
				ASSETCATALOG_COMPILER_APPICON_NAME = AppIcon;
				ASSETCATALOG_COMPILER_GLOBAL_ACCENT_COLOR_NAME = AccentColor;
				BUNDLE_DISPLAY_NAME = "$(BUNDLE_DISPLAY_NAME)";
				CODE_SIGN_STYLE = Automatic;
				CURRENT_PROJECT_VERSION = 1;
				DEVELOPMENT_TEAM = USQQZ62WW7;
				GENERATE_INFOPLIST_FILE = YES;
				INFOPLIST_FILE = "Wire-Viewer-info.plist";
				INFOPLIST_KEY_UIApplicationSupportsIndirectInputEvents = YES;
				INFOPLIST_KEY_UILaunchStoryboardName = LaunchScreen;
				INFOPLIST_KEY_UIMainStoryboardFile = Main;
				INFOPLIST_KEY_UISupportedInterfaceOrientations_iPad = "UIInterfaceOrientationPortrait UIInterfaceOrientationPortraitUpsideDown UIInterfaceOrientationLandscapeLeft UIInterfaceOrientationLandscapeRight";
				INFOPLIST_KEY_UISupportedInterfaceOrientations_iPhone = "UIInterfaceOrientationPortrait UIInterfaceOrientationLandscapeLeft UIInterfaceOrientationLandscapeRight";
				LD_RUNPATH_SEARCH_PATHS = (
					"$(inherited)",
					"@executable_path/Frameworks",
				);
				MARKETING_VERSION = 1.0;
				PRODUCT_BUNDLE_IDENTIFIER = "com.joshuacleetus.Demo-App.($BUNDLE_ID_SUFFIX)";
				PRODUCT_NAME = "$(TARGET_NAME)";
				SWIFT_EMIT_LOC_STRINGS = YES;
				SWIFT_VERSION = 5.0;
				TARGETED_DEVICE_FAMILY = "1,2";
			};
			name = Debug;
		};
		7981F09D2A01E09A00569C5E /* Debug Wire */ = {
			isa = XCBuildConfiguration;
			buildSettings = {
				ASSETCATALOG_COMPILER_APPICON_NAME = AppIcon;
				ASSETCATALOG_COMPILER_GLOBAL_ACCENT_COLOR_NAME = AccentColor;
				BUNDLE_DISPLAY_NAME = "$(BUNDLE_DISPLAY_NAME)";
				CODE_SIGN_STYLE = Automatic;
				CURRENT_PROJECT_VERSION = 1;
				DEVELOPMENT_TEAM = USQQZ62WW7;
				GENERATE_INFOPLIST_FILE = YES;
				INFOPLIST_FILE = "Wire-Viewer-info.plist";
				INFOPLIST_KEY_UIApplicationSupportsIndirectInputEvents = YES;
				INFOPLIST_KEY_UILaunchStoryboardName = LaunchScreen;
				INFOPLIST_KEY_UIMainStoryboardFile = Main;
				INFOPLIST_KEY_UISupportedInterfaceOrientations_iPad = "UIInterfaceOrientationPortrait UIInterfaceOrientationPortraitUpsideDown UIInterfaceOrientationLandscapeLeft UIInterfaceOrientationLandscapeRight";
				INFOPLIST_KEY_UISupportedInterfaceOrientations_iPhone = "UIInterfaceOrientationPortrait UIInterfaceOrientationLandscapeLeft UIInterfaceOrientationLandscapeRight";
				LD_RUNPATH_SEARCH_PATHS = (
					"$(inherited)",
					"@executable_path/Frameworks",
				);
				MARKETING_VERSION = 1.0;
				PRODUCT_BUNDLE_IDENTIFIER = "com.joshuacleetus.Demo-App.($BUNDLE_ID_SUFFIX)";
				PRODUCT_NAME = "$(TARGET_NAME)";
				SWIFT_EMIT_LOC_STRINGS = YES;
				SWIFT_VERSION = 5.0;
				TARGETED_DEVICE_FAMILY = "1,2";
			};
			name = "Debug Wire";
		};
		7981F09E2A01E09A00569C5E /* Release */ = {
			isa = XCBuildConfiguration;
			buildSettings = {
				ASSETCATALOG_COMPILER_APPICON_NAME = AppIcon;
				ASSETCATALOG_COMPILER_GLOBAL_ACCENT_COLOR_NAME = AccentColor;
				BUNDLE_DISPLAY_NAME = "$(BUNDLE_DISPLAY_NAME)";
				CODE_SIGN_STYLE = Automatic;
				CURRENT_PROJECT_VERSION = 1;
				DEVELOPMENT_TEAM = USQQZ62WW7;
				GENERATE_INFOPLIST_FILE = YES;
				INFOPLIST_FILE = "Wire-Viewer-info.plist";
				INFOPLIST_KEY_UIApplicationSupportsIndirectInputEvents = YES;
				INFOPLIST_KEY_UILaunchStoryboardName = LaunchScreen;
				INFOPLIST_KEY_UIMainStoryboardFile = Main;
				INFOPLIST_KEY_UISupportedInterfaceOrientations_iPad = "UIInterfaceOrientationPortrait UIInterfaceOrientationPortraitUpsideDown UIInterfaceOrientationLandscapeLeft UIInterfaceOrientationLandscapeRight";
				INFOPLIST_KEY_UISupportedInterfaceOrientations_iPhone = "UIInterfaceOrientationPortrait UIInterfaceOrientationLandscapeLeft UIInterfaceOrientationLandscapeRight";
				LD_RUNPATH_SEARCH_PATHS = (
					"$(inherited)",
					"@executable_path/Frameworks",
				);
				MARKETING_VERSION = 1.0;
				PRODUCT_BUNDLE_IDENTIFIER = "com.joshuacleetus.Demo-App.($BUNDLE_ID_SUFFIX)";
				PRODUCT_NAME = "$(TARGET_NAME)";
				SWIFT_EMIT_LOC_STRINGS = YES;
				SWIFT_VERSION = 5.0;
				TARGETED_DEVICE_FAMILY = "1,2";
			};
			name = Release;
		};
		7981F09F2A01E09A00569C5E /* Release Wire */ = {
			isa = XCBuildConfiguration;
			buildSettings = {
				ASSETCATALOG_COMPILER_APPICON_NAME = AppIcon;
				ASSETCATALOG_COMPILER_GLOBAL_ACCENT_COLOR_NAME = AccentColor;
				BUNDLE_DISPLAY_NAME = "$(BUNDLE_DISPLAY_NAME)";
				CODE_SIGN_STYLE = Automatic;
				CURRENT_PROJECT_VERSION = 1;
				DEVELOPMENT_TEAM = USQQZ62WW7;
				GENERATE_INFOPLIST_FILE = YES;
				INFOPLIST_FILE = "Wire-Viewer-info.plist";
				INFOPLIST_KEY_UIApplicationSupportsIndirectInputEvents = YES;
				INFOPLIST_KEY_UILaunchStoryboardName = LaunchScreen;
				INFOPLIST_KEY_UIMainStoryboardFile = Main;
				INFOPLIST_KEY_UISupportedInterfaceOrientations_iPad = "UIInterfaceOrientationPortrait UIInterfaceOrientationPortraitUpsideDown UIInterfaceOrientationLandscapeLeft UIInterfaceOrientationLandscapeRight";
				INFOPLIST_KEY_UISupportedInterfaceOrientations_iPhone = "UIInterfaceOrientationPortrait UIInterfaceOrientationLandscapeLeft UIInterfaceOrientationLandscapeRight";
				LD_RUNPATH_SEARCH_PATHS = (
					"$(inherited)",
					"@executable_path/Frameworks",
				);
				MARKETING_VERSION = 1.0;
				PRODUCT_BUNDLE_IDENTIFIER = "com.joshuacleetus.Demo-App.($BUNDLE_ID_SUFFIX)";
				PRODUCT_NAME = "$(TARGET_NAME)";
				SWIFT_EMIT_LOC_STRINGS = YES;
				SWIFT_VERSION = 5.0;
				TARGETED_DEVICE_FAMILY = "1,2";
			};
			name = "Release Wire";
		};
/* End XCBuildConfiguration section */

/* Begin XCConfigurationList section */
		7981F03D29FE040500569C5E /* Build configuration list for PBXProject "Character Viewer" */ = {
			isa = XCConfigurationList;
			buildConfigurations = (
				7981F05429FE040600569C5E /* Debug */,
				7981F05929FE062A00569C5E /* Debug Wire */,
				7981F05529FE040600569C5E /* Release */,
				7981F05B29FE063500569C5E /* Release Wire */,
			);
			defaultConfigurationIsVisible = 0;
			defaultConfigurationName = Release;
		};
		7981F05629FE040600569C5E /* Build configuration list for PBXNativeTarget "Simpsons Viewer" */ = {
			isa = XCConfigurationList;
			buildConfigurations = (
				7981F05729FE040600569C5E /* Debug */,
				7981F05A29FE062A00569C5E /* Debug Wire */,
				7981F05829FE040600569C5E /* Release */,
				7981F05C29FE063500569C5E /* Release Wire */,
			);
			defaultConfigurationIsVisible = 0;
			defaultConfigurationName = Release;
		};
		7981F09B2A01E09A00569C5E /* Build configuration list for PBXNativeTarget "Wire Viewer" */ = {
			isa = XCConfigurationList;
			buildConfigurations = (
				7981F09C2A01E09A00569C5E /* Debug */,
				7981F09D2A01E09A00569C5E /* Debug Wire */,
				7981F09E2A01E09A00569C5E /* Release */,
				7981F09F2A01E09A00569C5E /* Release Wire */,
			);
			defaultConfigurationIsVisible = 0;
			defaultConfigurationName = Release;
		};
/* End XCConfigurationList section */
	};
	rootObject = 7981F03A29FE040500569C5E /* Project object */;
}
